
Microsoft Visual Studio Solution File, Format Version 12.00
# Visual Studio Version 17
VisualStudioVersion = 17.3.32929.385
MinimumVisualStudioVersion = 10.0.40219.1
Project("{FAE04EC0-301F-11D3-BF4B-00C04F79EFBC}") = "FPSet1", "FPSet1.csproj", "{2F0D1B44-BA0F-4404-8CD4-FF7AA06878BA}"
EndProject
Global
	GlobalSection(SolutionConfigurationPlatforms) = preSolution
		Debug|Any CPU = Debug|Any CPU
		Release|Any CPU = Release|Any CPU
	EndGlobalSection
	GlobalSection(ProjectConfigurationPlatforms) = postSolution
		{2F0D1B44-BA0F-4404-8CD4-FF7AA06878BA}.Debug|Any CPU.ActiveCfg = Debug|Any CPU
		{2F0D1B44-BA0F-4404-8CD4-FF7AA06878BA}.Debug|Any CPU.Build.0 = Debug|Any CPU
		{2F0D1B44-BA0F-4404-8CD4-FF7AA06878BA}.Release|Any CPU.ActiveCfg = Release|Any CPU
		{2F0D1B44-BA0F-4404-8CD4-FF7AA06878BA}.Release|Any CPU.Build.0 = Release|Any CPU
	EndGlobalSection
	GlobalSection(SolutionProperties) = preSolution
		HideSolutionNode = FALSE
	EndGlobalSection
	GlobalSection(ExtensibilityGlobals) = postSolution
		SolutionGuid = {FF3A6204-80B4-40F1-A6C7-0F82A0E2B123}
	EndGlobalSection
EndGlobal
